
Microsoft Visual Studio Solution File, Format Version 12.00
# Visual Studio Version 16
VisualStudioVersion = 16.0.31624.102
MinimumVisualStudioVersion = 10.0.40219.1
Project("{FAE04EC0-301F-11D3-BF4B-00C04F79EFBC}") = "DERS2-Operators", "DERS2-Operators\DERS2-Operators.csproj", "{43AEE7A2-772C-4B4F-80A5-674F72A29D0A}"
EndProject
Project("{FAE04EC0-301F-11D3-BF4B-00C04F79EFBC}") = "DERS2-TypeConverts(TipDonusumleri)", "DERS2-TypeConverts(TipDonusumleri)\DERS2-TypeConverts(TipDonusumleri).csproj", "{F992738A-99DC-44C8-923D-C134D0C73205}"
EndProject
Project("{FAE04EC0-301F-11D3-BF4B-00C04F79EFBC}") = "Ders3-If-Else-SwitchCase", "Ders3-If-Else-SwitchCase\Ders3-If-Else-SwitchCase.csproj", "{90D5E541-8188-4F80-BD98-929657D34FBA}"
EndProject
Project("{FAE04EC0-301F-11D3-BF4B-00C04F79EFBC}") = "Ders4-WhileLoop", "Ders4-WhileLoop\Ders4-WhileLoop.csproj", "{8583AC89-60EA-4C0A-897B-6AF31D50B88B}"
EndProject
Project("{FAE04EC0-301F-11D3-BF4B-00C04F79EFBC}") = "Ders4-DoWhile-Loop", "Ders4-DoWhile-Loop\Ders4-DoWhile-Loop.csproj", "{D0D22C38-146D-4500-9779-66C6780B7134}"
EndProject
Project("{FAE04EC0-301F-11D3-BF4B-00C04F79EFBC}") = "Ders4-ForLoop", "Ders4-ForLoop\Ders4-ForLoop.csproj", "{5A8DA94B-B9E3-4D75-9E67-866ADFCD03C0}"
EndProject
Project("{FAE04EC0-301F-11D3-BF4B-00C04F79EFBC}") = "Ders5-Arrays", "Ders5-Arrays(Diziler)(Lists)\Ders5-Arrays.csproj", "{F052D0ED-0B7E-403E-88DA-A7C0A545E5F2}"
EndProject
Project("{FAE04EC0-301F-11D3-BF4B-00C04F79EFBC}") = "Ders5-List", "Ders5-List\Ders5-List.csproj", "{E3FF30F6-A262-480F-BED0-E56CAA05C9F7}"
EndProject
Project("{FAE04EC0-301F-11D3-BF4B-00C04F79EFBC}") = "Ders6-Metotlar_1", "Ders6-Metotlar_1\Ders6-Metotlar_1.csproj", "{B85E45DA-D6EF-4212-9FC1-9084A77B17E3}"
EndProject
Project("{FAE04EC0-301F-11D3-BF4B-00C04F79EFBC}") = "Ders7-MetotSoruları", "Ders7-MetotSoruları\Ders7-MetotSoruları.csproj", "{99A49F1B-9DF3-48B5-8430-C5318A597F1C}"
EndProject
Project("{FAE04EC0-301F-11D3-BF4B-00C04F79EFBC}") = "Ders8-MetotSonDers", "Ders8-MetotSonDers\Ders8-MetotSonDers.csproj", "{D9E82F22-C2E1-40EB-A053-2AD9CB069FEE}"
EndProject
Project("{FAE04EC0-301F-11D3-BF4B-00C04F79EFBC}") = "Ders8-DateTimeKutuphanesi", "Ders8-DateTimeKutuphanesi\Ders8-DateTimeKutuphanesi.csproj", "{3E4A3177-1E3D-4010-AE98-8381F497991D}"
EndProject
Project("{FAE04EC0-301F-11D3-BF4B-00C04F79EFBC}") = "Ders8-TryCatchFinally", "Ders8-TryCatchFinally\Ders8-TryCatchFinally.csproj", "{B8AAB9C2-5CE6-4DA6-BBCA-BC35B400B0A5}"
EndProject
Project("{FAE04EC0-301F-11D3-BF4B-00C04F79EFBC}") = "Ders9-OOP_1", "Ders9-OOP_1\Ders9-OOP_1.csproj", "{1F12866A-C6CD-4852-86D7-109967A615BE}"
EndProject
Project("{FAE04EC0-301F-11D3-BF4B-00C04F79EFBC}") = "OOP_ORNEK", "OOP_ORNEK\OOP_ORNEK.csproj", "{14314775-304C-4C27-9F24-561975AA2215}"
EndProject
Project("{FAE04EC0-301F-11D3-BF4B-00C04F79EFBC}") = "OOP_ODEV_1", "OOP_ODEV_1\OOP_ODEV_1.csproj", "{4AA7A85A-E99C-4260-98C5-DA27AB2CA8FF}"
EndProject
Project("{FAE04EC0-301F-11D3-BF4B-00C04F79EFBC}") = "Ders10-OOP2-Encapsulation", "Ders10-OOP2-Encapsulation\Ders10-OOP2-Encapsulation.csproj", "{E09A6923-02E1-4278-8069-2211604DC7C7}"
EndProject
Project("{FAE04EC0-301F-11D3-BF4B-00C04F79EFBC}") = "Ders10-OOP-Bisiklet_Örneği", "Ders10-OOP-Bisiklet_Örneği\Ders10-OOP-Bisiklet_Örneği.csproj", "{D6990C3B-8C31-4131-96AA-3497EC5653C9}"
EndProject
Project("{FAE04EC0-301F-11D3-BF4B-00C04F79EFBC}") = "Ders11_OOP_KALITIM", "Ders11_OOP_KALITIM\Ders11_OOP_KALITIM.csproj", "{80DE79D7-FEF0-4A8E-B4F1-B4D8BE68A745}"
EndProject
Project("{FAE04EC0-301F-11D3-BF4B-00C04F79EFBC}") = "Ders11-OOP-KalıtımOrnek", "Ders11-OOP-KalıtımOrnek\Ders11-OOP-KalıtımOrnek.csproj", "{1E715389-6DCD-4F36-AE14-DEB76D5B2ECC}"
EndProject
Project("{FAE04EC0-301F-11D3-BF4B-00C04F79EFBC}") = "Ders12-OOP-Polimorfizm", "Ders12-OOP-Polimorfizm\Ders12-OOP-Polimorfizm.csproj", "{DD5035A0-0E21-4CCD-85B4-9E909CC5D149}"
EndProject
Project("{FAE04EC0-301F-11D3-BF4B-00C04F79EFBC}") = "Ders12-OOP-Abstract", "Ders12-OOP-Abstract\Ders12-OOP-Abstract.csproj", "{78640EA6-293D-4682-8ACC-F3478B2ED830}"
EndProject
Project("{FAE04EC0-301F-11D3-BF4B-00C04F79EFBC}") = "Ders13-InterFace", "Ders13-InterFace\Ders13-InterFace.csproj", "{6EAA8303-FF88-401E-90DE-7AAD65DD3478}"
EndProject
Global
	GlobalSection(SolutionConfigurationPlatforms) = preSolution
		Debug|Any CPU = Debug|Any CPU
		Release|Any CPU = Release|Any CPU
	EndGlobalSection
	GlobalSection(ProjectConfigurationPlatforms) = postSolution
		{43AEE7A2-772C-4B4F-80A5-674F72A29D0A}.Debug|Any CPU.ActiveCfg = Debug|Any CPU
		{43AEE7A2-772C-4B4F-80A5-674F72A29D0A}.Debug|Any CPU.Build.0 = Debug|Any CPU
		{43AEE7A2-772C-4B4F-80A5-674F72A29D0A}.Release|Any CPU.ActiveCfg = Release|Any CPU
		{43AEE7A2-772C-4B4F-80A5-674F72A29D0A}.Release|Any CPU.Build.0 = Release|Any CPU
		{F992738A-99DC-44C8-923D-C134D0C73205}.Debug|Any CPU.ActiveCfg = Debug|Any CPU
		{F992738A-99DC-44C8-923D-C134D0C73205}.Debug|Any CPU.Build.0 = Debug|Any CPU
		{F992738A-99DC-44C8-923D-C134D0C73205}.Release|Any CPU.ActiveCfg = Release|Any CPU
		{F992738A-99DC-44C8-923D-C134D0C73205}.Release|Any CPU.Build.0 = Release|Any CPU
		{90D5E541-8188-4F80-BD98-929657D34FBA}.Debug|Any CPU.ActiveCfg = Debug|Any CPU
		{90D5E541-8188-4F80-BD98-929657D34FBA}.Debug|Any CPU.Build.0 = Debug|Any CPU
		{90D5E541-8188-4F80-BD98-929657D34FBA}.Release|Any CPU.ActiveCfg = Release|Any CPU
		{90D5E541-8188-4F80-BD98-929657D34FBA}.Release|Any CPU.Build.0 = Release|Any CPU
		{8583AC89-60EA-4C0A-897B-6AF31D50B88B}.Debug|Any CPU.ActiveCfg = Debug|Any CPU
		{8583AC89-60EA-4C0A-897B-6AF31D50B88B}.Debug|Any CPU.Build.0 = Debug|Any CPU
		{8583AC89-60EA-4C0A-897B-6AF31D50B88B}.Release|Any CPU.ActiveCfg = Release|Any CPU
		{8583AC89-60EA-4C0A-897B-6AF31D50B88B}.Release|Any CPU.Build.0 = Release|Any CPU
		{D0D22C38-146D-4500-9779-66C6780B7134}.Debug|Any CPU.ActiveCfg = Debug|Any CPU
		{D0D22C38-146D-4500-9779-66C6780B7134}.Debug|Any CPU.Build.0 = Debug|Any CPU
		{D0D22C38-146D-4500-9779-66C6780B7134}.Release|Any CPU.ActiveCfg = Release|Any CPU
		{D0D22C38-146D-4500-9779-66C6780B7134}.Release|Any CPU.Build.0 = Release|Any CPU
		{5A8DA94B-B9E3-4D75-9E67-866ADFCD03C0}.Debug|Any CPU.ActiveCfg = Debug|Any CPU
		{5A8DA94B-B9E3-4D75-9E67-866ADFCD03C0}.Debug|Any CPU.Build.0 = Debug|Any CPU
		{5A8DA94B-B9E3-4D75-9E67-866ADFCD03C0}.Release|Any CPU.ActiveCfg = Release|Any CPU
		{5A8DA94B-B9E3-4D75-9E67-866ADFCD03C0}.Release|Any CPU.Build.0 = Release|Any CPU
		{F052D0ED-0B7E-403E-88DA-A7C0A545E5F2}.Debug|Any CPU.ActiveCfg = Debug|Any CPU
		{F052D0ED-0B7E-403E-88DA-A7C0A545E5F2}.Debug|Any CPU.Build.0 = Debug|Any CPU
		{F052D0ED-0B7E-403E-88DA-A7C0A545E5F2}.Release|Any CPU.ActiveCfg = Release|Any CPU
		{F052D0ED-0B7E-403E-88DA-A7C0A545E5F2}.Release|Any CPU.Build.0 = Release|Any CPU
		{E3FF30F6-A262-480F-BED0-E56CAA05C9F7}.Debug|Any CPU.ActiveCfg = Debug|Any CPU
		{E3FF30F6-A262-480F-BED0-E56CAA05C9F7}.Debug|Any CPU.Build.0 = Debug|Any CPU
		{E3FF30F6-A262-480F-BED0-E56CAA05C9F7}.Release|Any CPU.ActiveCfg = Release|Any CPU
		{E3FF30F6-A262-480F-BED0-E56CAA05C9F7}.Release|Any CPU.Build.0 = Release|Any CPU
		{B85E45DA-D6EF-4212-9FC1-9084A77B17E3}.Debug|Any CPU.ActiveCfg = Debug|Any CPU
		{B85E45DA-D6EF-4212-9FC1-9084A77B17E3}.Debug|Any CPU.Build.0 = Debug|Any CPU
		{B85E45DA-D6EF-4212-9FC1-9084A77B17E3}.Release|Any CPU.ActiveCfg = Release|Any CPU
		{B85E45DA-D6EF-4212-9FC1-9084A77B17E3}.Release|Any CPU.Build.0 = Release|Any CPU
		{99A49F1B-9DF3-48B5-8430-C5318A597F1C}.Debug|Any CPU.ActiveCfg = Debug|Any CPU
		{99A49F1B-9DF3-48B5-8430-C5318A597F1C}.Debug|Any CPU.Build.0 = Debug|Any CPU
		{99A49F1B-9DF3-48B5-8430-C5318A597F1C}.Release|Any CPU.ActiveCfg = Release|Any CPU
		{99A49F1B-9DF3-48B5-8430-C5318A597F1C}.Release|Any CPU.Build.0 = Release|Any CPU
		{D9E82F22-C2E1-40EB-A053-2AD9CB069FEE}.Debug|Any CPU.ActiveCfg = Debug|Any CPU
		{D9E82F22-C2E1-40EB-A053-2AD9CB069FEE}.Debug|Any CPU.Build.0 = Debug|Any CPU
		{D9E82F22-C2E1-40EB-A053-2AD9CB069FEE}.Release|Any CPU.ActiveCfg = Release|Any CPU
		{D9E82F22-C2E1-40EB-A053-2AD9CB069FEE}.Release|Any CPU.Build.0 = Release|Any CPU
		{3E4A3177-1E3D-4010-AE98-8381F497991D}.Debug|Any CPU.ActiveCfg = Debug|Any CPU
		{3E4A3177-1E3D-4010-AE98-8381F497991D}.Debug|Any CPU.Build.0 = Debug|Any CPU
		{3E4A3177-1E3D-4010-AE98-8381F497991D}.Release|Any CPU.ActiveCfg = Release|Any CPU
		{3E4A3177-1E3D-4010-AE98-8381F497991D}.Release|Any CPU.Build.0 = Release|Any CPU
		{B8AAB9C2-5CE6-4DA6-BBCA-BC35B400B0A5}.Debug|Any CPU.ActiveCfg = Debug|Any CPU
		{B8AAB9C2-5CE6-4DA6-BBCA-BC35B400B0A5}.Debug|Any CPU.Build.0 = Debug|Any CPU
		{B8AAB9C2-5CE6-4DA6-BBCA-BC35B400B0A5}.Release|Any CPU.ActiveCfg = Release|Any CPU
		{B8AAB9C2-5CE6-4DA6-BBCA-BC35B400B0A5}.Release|Any CPU.Build.0 = Release|Any CPU
		{1F12866A-C6CD-4852-86D7-109967A615BE}.Debug|Any CPU.ActiveCfg = Debug|Any CPU
		{1F12866A-C6CD-4852-86D7-109967A615BE}.Debug|Any CPU.Build.0 = Debug|Any CPU
		{1F12866A-C6CD-4852-86D7-109967A615BE}.Release|Any CPU.ActiveCfg = Release|Any CPU
		{1F12866A-C6CD-4852-86D7-109967A615BE}.Release|Any CPU.Build.0 = Release|Any CPU
		{14314775-304C-4C27-9F24-561975AA2215}.Debug|Any CPU.ActiveCfg = Debug|Any CPU
		{14314775-304C-4C27-9F24-561975AA2215}.Debug|Any CPU.Build.0 = Debug|Any CPU
		{14314775-304C-4C27-9F24-561975AA2215}.Release|Any CPU.ActiveCfg = Release|Any CPU
		{14314775-304C-4C27-9F24-561975AA2215}.Release|Any CPU.Build.0 = Release|Any CPU
		{4AA7A85A-E99C-4260-98C5-DA27AB2CA8FF}.Debug|Any CPU.ActiveCfg = Debug|Any CPU
		{4AA7A85A-E99C-4260-98C5-DA27AB2CA8FF}.Debug|Any CPU.Build.0 = Debug|Any CPU
		{4AA7A85A-E99C-4260-98C5-DA27AB2CA8FF}.Release|Any CPU.ActiveCfg = Release|Any CPU
		{4AA7A85A-E99C-4260-98C5-DA27AB2CA8FF}.Release|Any CPU.Build.0 = Release|Any CPU
		{E09A6923-02E1-4278-8069-2211604DC7C7}.Debug|Any CPU.ActiveCfg = Debug|Any CPU
		{E09A6923-02E1-4278-8069-2211604DC7C7}.Debug|Any CPU.Build.0 = Debug|Any CPU
		{E09A6923-02E1-4278-8069-2211604DC7C7}.Release|Any CPU.ActiveCfg = Release|Any CPU
		{E09A6923-02E1-4278-8069-2211604DC7C7}.Release|Any CPU.Build.0 = Release|Any CPU
		{D6990C3B-8C31-4131-96AA-3497EC5653C9}.Debug|Any CPU.ActiveCfg = Debug|Any CPU
		{D6990C3B-8C31-4131-96AA-3497EC5653C9}.Debug|Any CPU.Build.0 = Debug|Any CPU
		{D6990C3B-8C31-4131-96AA-3497EC5653C9}.Release|Any CPU.ActiveCfg = Release|Any CPU
		{D6990C3B-8C31-4131-96AA-3497EC5653C9}.Release|Any CPU.Build.0 = Release|Any CPU
		{80DE79D7-FEF0-4A8E-B4F1-B4D8BE68A745}.Debug|Any CPU.ActiveCfg = Debug|Any CPU
		{80DE79D7-FEF0-4A8E-B4F1-B4D8BE68A745}.Debug|Any CPU.Build.0 = Debug|Any CPU
		{80DE79D7-FEF0-4A8E-B4F1-B4D8BE68A745}.Release|Any CPU.ActiveCfg = Release|Any CPU
		{80DE79D7-FEF0-4A8E-B4F1-B4D8BE68A745}.Release|Any CPU.Build.0 = Release|Any CPU
		{1E715389-6DCD-4F36-AE14-DEB76D5B2ECC}.Debug|Any CPU.ActiveCfg = Debug|Any CPU
		{1E715389-6DCD-4F36-AE14-DEB76D5B2ECC}.Debug|Any CPU.Build.0 = Debug|Any CPU
		{1E715389-6DCD-4F36-AE14-DEB76D5B2ECC}.Release|Any CPU.ActiveCfg = Release|Any CPU
		{1E715389-6DCD-4F36-AE14-DEB76D5B2ECC}.Release|Any CPU.Build.0 = Release|Any CPU
		{DD5035A0-0E21-4CCD-85B4-9E909CC5D149}.Debug|Any CPU.ActiveCfg = Debug|Any CPU
		{DD5035A0-0E21-4CCD-85B4-9E909CC5D149}.Debug|Any CPU.Build.0 = Debug|Any CPU
		{DD5035A0-0E21-4CCD-85B4-9E909CC5D149}.Release|Any CPU.ActiveCfg = Release|Any CPU
		{DD5035A0-0E21-4CCD-85B4-9E909CC5D149}.Release|Any CPU.Build.0 = Release|Any CPU
		{78640EA6-293D-4682-8ACC-F3478B2ED830}.Debug|Any CPU.ActiveCfg = Debug|Any CPU
		{78640EA6-293D-4682-8ACC-F3478B2ED830}.Debug|Any CPU.Build.0 = Debug|Any CPU
		{78640EA6-293D-4682-8ACC-F3478B2ED830}.Release|Any CPU.ActiveCfg = Release|Any CPU
		{78640EA6-293D-4682-8ACC-F3478B2ED830}.Release|Any CPU.Build.0 = Release|Any CPU
		{6EAA8303-FF88-401E-90DE-7AAD65DD3478}.Debug|Any CPU.ActiveCfg = Debug|Any CPU
		{6EAA8303-FF88-401E-90DE-7AAD65DD3478}.Debug|Any CPU.Build.0 = Debug|Any CPU
		{6EAA8303-FF88-401E-90DE-7AAD65DD3478}.Release|Any CPU.ActiveCfg = Release|Any CPU
		{6EAA8303-FF88-401E-90DE-7AAD65DD3478}.Release|Any CPU.Build.0 = Release|Any CPU
	EndGlobalSection
	GlobalSection(SolutionProperties) = preSolution
		HideSolutionNode = FALSE
	EndGlobalSection
	GlobalSection(ExtensibilityGlobals) = postSolution
		SolutionGuid = {13C07D0A-E94B-4E45-BCC5-871F3D20D6F1}
	EndGlobalSection
EndGlobal
